
Microsoft Visual Studio Solution File, Format Version 12.00
# Visual Studio 15
VisualStudioVersion = 15.0.28307.271
MinimumVisualStudioVersion = 10.0.40219.1
Project("{9A19103F-16F7-4668-BE54-9A1E7A4F7556}") = "Bondora.Web", "Bondora.Web\Bondora.Web.csproj", "{3F4E7E4D-55AB-46F8-B72E-53F5E7503A42}"
EndProject
Project("{9A19103F-16F7-4668-BE54-9A1E7A4F7556}") = "Bondora.BLL", "Bondora.BLL\Bondora.BLL.csproj", "{98643E3B-DA67-4449-831B-A4C1369EB608}"
EndProject
Project("{9A19103F-16F7-4668-BE54-9A1E7A4F7556}") = "Bondora.Models", "Bondora.Models\Bondora.Models.csproj", "{38DB05BA-CCCD-4360-870B-494C8B434C17}"
EndProject
Project("{FAE04EC0-301F-11D3-BF4B-00C04F79EFBC}") = "Bondora.Test", "Bondora.Test\Bondora.Test.csproj", "{004600E5-AA14-4344-9A6B-AE5DEA96AD44}"
EndProject
Global
	GlobalSection(SolutionConfigurationPlatforms) = preSolution
		Debug|Any CPU = Debug|Any CPU
		Release|Any CPU = Release|Any CPU
	EndGlobalSection
	GlobalSection(ProjectConfigurationPlatforms) = postSolution
		{3F4E7E4D-55AB-46F8-B72E-53F5E7503A42}.Debug|Any CPU.ActiveCfg = Debug|Any CPU
		{3F4E7E4D-55AB-46F8-B72E-53F5E7503A42}.Debug|Any CPU.Build.0 = Debug|Any CPU
		{3F4E7E4D-55AB-46F8-B72E-53F5E7503A42}.Release|Any CPU.ActiveCfg = Release|Any CPU
		{3F4E7E4D-55AB-46F8-B72E-53F5E7503A42}.Release|Any CPU.Build.0 = Release|Any CPU
		{98643E3B-DA67-4449-831B-A4C1369EB608}.Debug|Any CPU.ActiveCfg = Debug|Any CPU
		{98643E3B-DA67-4449-831B-A4C1369EB608}.Debug|Any CPU.Build.0 = Debug|Any CPU
		{98643E3B-DA67-4449-831B-A4C1369EB608}.Release|Any CPU.ActiveCfg = Release|Any CPU
		{98643E3B-DA67-4449-831B-A4C1369EB608}.Release|Any CPU.Build.0 = Release|Any CPU
		{38DB05BA-CCCD-4360-870B-494C8B434C17}.Debug|Any CPU.ActiveCfg = Debug|Any CPU
		{38DB05BA-CCCD-4360-870B-494C8B434C17}.Debug|Any CPU.Build.0 = Debug|Any CPU
		{38DB05BA-CCCD-4360-870B-494C8B434C17}.Release|Any CPU.ActiveCfg = Release|Any CPU
		{38DB05BA-CCCD-4360-870B-494C8B434C17}.Release|Any CPU.Build.0 = Release|Any CPU
		{004600E5-AA14-4344-9A6B-AE5DEA96AD44}.Debug|Any CPU.ActiveCfg = Debug|Any CPU
		{004600E5-AA14-4344-9A6B-AE5DEA96AD44}.Debug|Any CPU.Build.0 = Debug|Any CPU
		{004600E5-AA14-4344-9A6B-AE5DEA96AD44}.Release|Any CPU.ActiveCfg = Release|Any CPU
		{004600E5-AA14-4344-9A6B-AE5DEA96AD44}.Release|Any CPU.Build.0 = Release|Any CPU
	EndGlobalSection
	GlobalSection(SolutionProperties) = preSolution
		HideSolutionNode = FALSE
	EndGlobalSection
	GlobalSection(ExtensibilityGlobals) = postSolution
		SolutionGuid = {9971170C-09CC-4A74-A23C-E831A6B978A3}
	EndGlobalSection
EndGlobal
